// !$*UTF8*$!
{
	archiveVersion = 1;
	classes = {
	};
	objectVersion = 56;
	objects = {

/* Begin PBXBuildFile section */
		FA100001000000000000001B /* KoreanTranslationCameraApp.swift in Sources */ = {isa = PBXBuildFile; fileRef = FA100001000000000000001A /* KoreanTranslationCameraApp.swift */; };
		FA100002000000000000001B /* ContentView.swift in Sources */ = {isa = PBXBuildFile; fileRef = FA100002000000000000001A /* ContentView.swift */; };
		FA100003000000000000001B /* AppModels.swift in Sources */ = {isa = PBXBuildFile; fileRef = FA100003000000000000001A /* AppModels.swift */; };
		FA100004000000000000001B /* CameraManager.swift in Sources */ = {isa = PBXBuildFile; fileRef = FA100004000000000000001A /* CameraManager.swift */; };
		FA100005000000000000001B /* CameraPreviewView.swift in Sources */ = {isa = PBXBuildFile; fileRef = FA100005000000000000001A /* CameraPreviewView.swift */; };
		FA100006000000000000001B /* OCRService.swift in Sources */ = {isa = PBXBuildFile; fileRef = FA100006000000000000001A /* OCRService.swift */; };
		FA100007000000000000001B /* TranslationService.swift in Sources */ = {isa = PBXBuildFile; fileRef = FA100007000000000000001A /* TranslationService.swift */; };
		FA100008000000000000001B /* LanguageSelectorView.swift in Sources */ = {isa = PBXBuildFile; fileRef = FA100008000000000000001A /* LanguageSelectorView.swift */; };
		FA100009000000000000001B /* TranslationResultView.swift in Sources */ = {isa = PBXBuildFile; fileRef = FA100009000000000000001A /* TranslationResultView.swift */; };
		FA10000A000000000000001B /* ControlBarView.swift in Sources */ = {isa = PBXBuildFile; fileRef = FA10000A000000000000001A /* ControlBarView.swift */; };
		FA10000B000000000000001B /* PermissionView.swift in Sources */ = {isa = PBXBuildFile; fileRef = FA10000B000000000000001A /* PermissionView.swift */; };
		FA10000C000000000000001B /* Assets.xcassets in Resources */ = {isa = PBXBuildFile; fileRef = FA10000C000000000000001A /* Assets.xcassets */; };
/* End PBXBuildFile section */

/* Begin PBXFileReference section */
		FA100000000000000000001A /* KoreanTranslationCamera.app */ = {isa = PBXFileReference; explicitFileType = wrapper.application; includeInIndex = 0; path = KoreanTranslationCamera.app; sourceTree = BUILT_PRODUCTS_DIR; };
		FA100001000000000000001A /* KoreanTranslationCameraApp.swift */ = {isa = PBXFileReference; lastKnownFileType = sourcecode.swift; path = KoreanTranslationCameraApp.swift; sourceTree = "<group>"; };
		FA100002000000000000001A /* ContentView.swift */ = {isa = PBXFileReference; lastKnownFileType = sourcecode.swift; path = ContentView.swift; sourceTree = "<group>"; };
		FA100003000000000000001A /* AppModels.swift */ = {isa = PBXFileReference; lastKnownFileType = sourcecode.swift; path = AppModels.swift; sourceTree = "<group>"; };
		FA100004000000000000001A /* CameraManager.swift */ = {isa = PBXFileReference; lastKnownFileType = sourcecode.swift; path = CameraManager.swift; sourceTree = "<group>"; };
		FA100005000000000000001A /* CameraPreviewView.swift */ = {isa = PBXFileReference; lastKnownFileType = sourcecode.swift; path = CameraPreviewView.swift; sourceTree = "<group>"; };
		FA100006000000000000001A /* OCRService.swift */ = {isa = PBXFileReference; lastKnownFileType = sourcecode.swift; path = OCRService.swift; sourceTree = "<group>"; };
		FA100007000000000000001A /* TranslationService.swift */ = {isa = PBXFileReference; lastKnownFileType = sourcecode.swift; path = TranslationService.swift; sourceTree = "<group>"; };
		FA100008000000000000001A /* LanguageSelectorView.swift */ = {isa = PBXFileReference; lastKnownFileType = sourcecode.swift; path = LanguageSelectorView.swift; sourceTree = "<group>"; };
		FA100009000000000000001A /* TranslationResultView.swift */ = {isa = PBXFileReference; lastKnownFileType = sourcecode.swift; path = TranslationResultView.swift; sourceTree = "<group>"; };
		FA10000A000000000000001A /* ControlBarView.swift */ = {isa = PBXFileReference; lastKnownFileType = sourcecode.swift; path = ControlBarView.swift; sourceTree = "<group>"; };
		FA10000B000000000000001A /* PermissionView.swift */ = {isa = PBXFileReference; lastKnownFileType = sourcecode.swift; path = PermissionView.swift; sourceTree = "<group>"; };
		FA10000C000000000000001A /* Assets.xcassets */ = {isa = PBXFileReference; lastKnownFileType = folder.assetcatalog; path = Assets.xcassets; sourceTree = "<group>"; };
		FA10000D000000000000001A /* Info.plist */ = {isa = PBXFileReference; lastKnownFileType = text.plist.xml; path = Info.plist; sourceTree = "<group>"; };
/* End PBXFileReference section */

/* Begin PBXFrameworksBuildPhase section */
		FB000003000000000000001A /* Frameworks */ = {
			isa = PBXFrameworksBuildPhase;
			buildActionMask = 2147483647;
			files = (
			);
			runOnlyForDeploymentPostprocessing = 0;
		};
/* End PBXFrameworksBuildPhase section */

/* Begin PBXGroup section */
		FB000000000000000000001A /* MainGroup */ = {
			isa = PBXGroup;
			children = (
				FB000010000000000000001A /* KoreanTranslationCamera */,
				FB000020000000000000001A /* Products */,
			);
			sourceTree = "<group>";
		};
		FB000010000000000000001A /* KoreanTranslationCamera */ = {
			isa = PBXGroup;
			children = (
				FA100001000000000000001A /* KoreanTranslationCameraApp.swift */,
				FA100002000000000000001A /* ContentView.swift */,
				FB000011000000000000001A /* Models */,
				FB000012000000000000001A /* Camera */,
				FB000013000000000000001A /* Services */,
				FB000014000000000000001A /* Views */,
				FA10000C000000000000001A /* Assets.xcassets */,
				FA10000D000000000000001A /* Info.plist */,
			);
			path = KoreanTranslationCamera;
			sourceTree = "<group>";
		};
		FB000011000000000000001A /* Models */ = {
			isa = PBXGroup;
			children = (
				FA100003000000000000001A /* AppModels.swift */,
			);
			path = Models;
			sourceTree = "<group>";
		};
		FB000012000000000000001A /* Camera */ = {
			isa = PBXGroup;
			children = (
				FA100004000000000000001A /* CameraManager.swift */,
				FA100005000000000000001A /* CameraPreviewView.swift */,
			);
			path = Camera;
			sourceTree = "<group>";
		};
		FB000013000000000000001A /* Services */ = {
			isa = PBXGroup;
			children = (
				FA100006000000000000001A /* OCRService.swift */,
				FA100007000000000000001A /* TranslationService.swift */,
			);
			path = Services;
			sourceTree = "<group>";
		};
		FB000014000000000000001A /* Views */ = {
			isa = PBXGroup;
			children = (
				FA100008000000000000001A /* LanguageSelectorView.swift */,
				FA100009000000000000001A /* TranslationResultView.swift */,
				FA10000A000000000000001A /* ControlBarView.swift */,
				FA10000B000000000000001A /* PermissionView.swift */,
			);
			path = Views;
			sourceTree = "<group>";
		};
		FB000020000000000000001A /* Products */ = {
			isa = PBXGroup;
			children = (
				FA100000000000000000001A /* KoreanTranslationCamera.app */,
			);
			name = Products;
			sourceTree = "<group>";
		};
/* End PBXGroup section */

/* Begin PBXNativeTarget section */
		FB000001000000000000001A /* KoreanTranslationCamera */ = {
			isa = PBXNativeTarget;
			buildConfigurationList = FC000002000000000000001A /* Build configuration list for PBXNativeTarget "KoreanTranslationCamera" */;
			buildPhases = (
				FB000002000000000000001A /* Sources */,
				FB000003000000000000001A /* Frameworks */,
				FB000004000000000000001A /* Resources */,
			);
			buildRules = (
			);
			dependencies = (
			);
			name = KoreanTranslationCamera;
			productName = KoreanTranslationCamera;
			productReference = FA100000000000000000001A /* KoreanTranslationCamera.app */;
			productType = "com.apple.product-type.application";
		};
/* End PBXNativeTarget section */

/* Begin PBXProject section */
		FB000000000000000000002A /* Project object */ = {
			isa = PBXProject;
			attributes = {
				BuildIndependentTargetsInParallel = 1;
				LastSwiftUpdateCheck = 1540;
				LastUpgradeCheck = 1540;
				TargetAttributes = {
					FB000001000000000000001A = {
						CreatedOnToolsVersion = 15.4;
					};
				};
			};
			buildConfigurationList = FC000001000000000000001A /* Build configuration list for PBXProject "KoreanTranslationCamera" */;
			compatibilityVersion = "Xcode 14.0";
			developmentRegion = en;
			hasScannedForEncodings = 0;
			knownRegions = (
				en,
				Base,
			);
			mainGroup = FB000000000000000000001A;
			productRefGroup = FB000020000000000000001A /* Products */;
			projectDirPath = "";
			projectRoot = "";
			targets = (
				FB000001000000000000001A /* KoreanTranslationCamera */,
			);
		};
/* End PBXProject section */

/* Begin PBXResourcesBuildPhase section */
		FB000004000000000000001A /* Resources */ = {
			isa = PBXResourcesBuildPhase;
			buildActionMask = 2147483647;
			files = (
				FA10000C000000000000001B /* Assets.xcassets in Resources */,
			);
			runOnlyForDeploymentPostprocessing = 0;
		};
/* End PBXResourcesBuildPhase section */

/* Begin PBXSourcesBuildPhase section */
		FB000002000000000000001A /* Sources */ = {
			isa = PBXSourcesBuildPhase;
			buildActionMask = 2147483647;
			files = (
				FA100001000000000000001B /* KoreanTranslationCameraApp.swift in Sources */,
				FA100002000000000000001B /* ContentView.swift in Sources */,
				FA100003000000000000001B /* AppModels.swift in Sources */,
				FA100004000000000000001B /* CameraManager.swift in Sources */,
				FA100005000000000000001B /* CameraPreviewView.swift in Sources */,
				FA100006000000000000001B /* OCRService.swift in Sources */,
				FA100007000000000000001B /* TranslationService.swift in Sources */,
				FA100008000000000000001B /* LanguageSelectorView.swift in Sources */,
				FA100009000000000000001B /* TranslationResultView.swift in Sources */,
				FA10000A000000000000001B /* ControlBarView.swift in Sources */,
				FA10000B000000000000001B /* PermissionView.swift in Sources */,
			);
			runOnlyForDeploymentPostprocessing = 0;
		};
/* End PBXSourcesBuildPhase section */

/* Begin XCBuildConfiguration section */
		FC000003000000000000001A /* Debug */ = {
			isa = XCBuildConfiguration;
			buildSettings = {
				ALWAYS_SEARCH_USER_PATHS = NO;
				ASSETCATALOG_COMPILER_GENERATE_SWIFT_ASSET_SYMBOL_EXTENSIONS = YES;
				CLANG_ANALYZER_NONNULL = YES;
				CLANG_ANALYZER_NUMBER_OBJECT_CONVERSION = YES_AGGRESSIVE;
				CLANG_CXX_LANGUAGE_STANDARD = "gnu++20";
				CLANG_ENABLE_MODULES = YES;
				CLANG_ENABLE_OBJC_ARC = YES;
				CLANG_ENABLE_OBJC_WEAK = YES;
				CLANG_WARN_BLOCK_CAPTURE_AUTORELEASING = YES;
				CLANG_WARN_BOOL_CONVERSION = YES;
				CLANG_WARN_COMMA = YES;
				CLANG_WARN_CONSTANT_CONVERSION = YES;
				CLANG_WARN_DEPRECATED_OBJC_IMPLEMENTATIONS = YES;
				CLANG_WARN_DIRECT_OBJC_ISA_USAGE = YES_ERROR;
				CLANG_WARN_DOCUMENTATION_COMMENTS = YES;
				CLANG_WARN_EMPTY_BODY = YES;
				CLANG_WARN_ENUM_CONVERSION = YES;
				CLANG_WARN_INFINITE_RECURSION = YES;
				CLANG_WARN_INT_CONVERSION = YES;
				CLANG_WARN_NON_LITERAL_NULL_CONVERSION = YES;
				CLANG_WARN_OBJC_IMPLICIT_RETAIN_CYCLE = YES;
				CLANG_WARN_OBJC_LITERAL_CONVERSION = YES;
				CLANG_WARN_OBJC_ROOT_CLASS = YES_ERROR;
				CLANG_WARN_QUOTED_INCLUDE_IN_FRAMEWORK_HEADER = YES;
				CLANG_WARN_RANGE_LOOP_ANALYSIS = YES;
				CLANG_WARN_STRICT_PROTOTYPES = YES;
				CLANG_WARN_SUSPICIOUS_MOVE = YES;
				CLANG_WARN_UNGUARDED_AVAILABILITY = YES_AGGRESSIVE;
				CLANG_WARN_UNREACHABLE_CODE = YES;
				CLANG_WARN__DUPLICATE_METHOD_MATCH = YES;
				COPY_PHASE_STRIP = NO;
				DEBUG_INFORMATION_FORMAT = dwarf;
				ENABLE_STRICT_OBJC_MSGSEND = YES;
				ENABLE_TESTABILITY = YES;
				ENABLE_USER_SCRIPT_SANDBOXING = YES;
				GCC_C_LANGUAGE_STANDARD = gnu17;
				GCC_DYNAMIC_NO_PIC = NO;
				GCC_NO_COMMON_BLOCKS = YES;
				GCC_OPTIMIZATION_LEVEL = 0;
				GCC_PREPROCESSOR_DEFINITIONS = (
					"DEBUG=1",
					"$(inherited)",
				);
				GCC_WARN_64_TO_32_BIT_CONVERSION = YES;
				GCC_WARN_ABOUT_RETURN_TYPE = YES_ERROR;
				GCC_WARN_UNDECLARED_SELECTOR = YES;
				GCC_WARN_UNINITIALIZED_AUTOS = YES_AGGRESSIVE;
				GCC_WARN_UNUSED_FUNCTION = YES;
				GCC_WARN_UNUSED_VARIABLE = YES;
				IPHONEOS_DEPLOYMENT_TARGET = 17.4;
				MTL_ENABLE_DEBUG_INFO = INCLUDE_SOURCE;
				MTL_FAST_MATH = YES;
				ONLY_ACTIVE_ARCH = YES;
				SDKROOT = iphoneos;
				SWIFT_ACTIVE_COMPILATION_CONDITIONS = "DEBUG $(inherited)";
				SWIFT_OPTIMIZATION_LEVEL = "-Onone";
			};
			name = Debug;
		};
		FC000004000000000000001A /* Release */ = {
			isa = XCBuildConfiguration;
			buildSettings = {
				ALWAYS_SEARCH_USER_PATHS = NO;
				ASSETCATALOG_COMPILER_GENERATE_SWIFT_ASSET_SYMBOL_EXTENSIONS = YES;
				CLANG_ANALYZER_NONNULL = YES;
				CLANG_ANALYZER_NUMBER_OBJECT_CONVERSION = YES_AGGRESSIVE;
				CLANG_CXX_LANGUAGE_STANDARD = "gnu++20";
				CLANG_ENABLE_MODULES = YES;
				CLANG_ENABLE_OBJC_ARC = YES;
				CLANG_ENABLE_OBJC_WEAK = YES;
				CLANG_WARN_BLOCK_CAPTURE_AUTORELEASING = YES;
				CLANG_WARN_BOOL_CONVERSION = YES;
				CLANG_WARN_COMMA = YES;
				CLANG_WARN_CONSTANT_CONVERSION = YES;
				CLANG_WARN_DEPRECATED_OBJC_IMPLEMENTATIONS = YES;
				CLANG_WARN_DIRECT_OBJC_ISA_USAGE = YES_ERROR;
				CLANG_WARN_DOCUMENTATION_COMMENTS = YES;
				CLANG_WARN_EMPTY_BODY = YES;
				CLANG_WARN_ENUM_CONVERSION = YES;
				CLANG_WARN_INFINITE_RECURSION = YES;
				CLANG_WARN_INT_CONVERSION = YES;
				CLANG_WARN_NON_LITERAL_NULL_CONVERSION = YES;
				CLANG_WARN_OBJC_IMPLICIT_RETAIN_CYCLE = YES;
				CLANG_WARN_OBJC_LITERAL_CONVERSION = YES;
				CLANG_WARN_OBJC_ROOT_CLASS = YES_ERROR;
				CLANG_WARN_QUOTED_INCLUDE_IN_FRAMEWORK_HEADER = YES;
				CLANG_WARN_RANGE_LOOP_ANALYSIS = YES;
				CLANG_WARN_STRICT_PROTOTYPES = YES;
				CLANG_WARN_SUSPICIOUS_MOVE = YES;
				CLANG_WARN_UNGUARDED_AVAILABILITY = YES_AGGRESSIVE;
				CLANG_WARN_UNREACHABLE_CODE = YES;
				CLANG_WARN__DUPLICATE_METHOD_MATCH = YES;
				COPY_PHASE_STRIP = NO;
				DEBUG_INFORMATION_FORMAT = "dwarf-with-dsym";
				ENABLE_NS_ASSERTIONS = NO;
				ENABLE_STRICT_OBJC_MSGSEND = YES;
				ENABLE_USER_SCRIPT_SANDBOXING = YES;
				GCC_C_LANGUAGE_STANDARD = gnu17;
				GCC_NO_COMMON_BLOCKS = YES;
				GCC_WARN_64_TO_32_BIT_CONVERSION = YES;
				GCC_WARN_ABOUT_RETURN_TYPE = YES_ERROR;
				GCC_WARN_UNDECLARED_SELECTOR = YES;
				GCC_WARN_UNINITIALIZED_AUTOS = YES_AGGRESSIVE;
				GCC_WARN_UNUSED_FUNCTION = YES;
				GCC_WARN_UNUSED_VARIABLE = YES;
				IPHONEOS_DEPLOYMENT_TARGET = 17.4;
				MTL_FAST_MATH = YES;
				SDKROOT = iphoneos;
				SWIFT_COMPILATION_MODE = wholemodule;
				VALIDATE_PRODUCT = YES;
			};
			name = Release;
		};
		FC000005000000000000001A /* Debug */ = {
			isa = XCBuildConfiguration;
			buildSettings = {
				ASSETCATALOG_COMPILER_APPICON_NAME = AppIcon;
				ASSETCATALOG_COMPILER_GLOBAL_ACCENT_COLOR_NAME = AccentColor;
				CODE_SIGN_STYLE = Automatic;
				CURRENT_PROJECT_VERSION = 1;
				DEVELOPMENT_ASSET_PATHS = "";
				ENABLE_PREVIEWS = YES;
				GENERATE_INFOPLIST_FILE = NO;
				INFOPLIST_FILE = KoreanTranslationCamera/Info.plist;
				IPHONEOS_DEPLOYMENT_TARGET = 17.4;
				LD_RUNPATH_SEARCH_PATHS = (
					"$(inherited)",
					"@executable_path/Frameworks",
				);
				MARKETING_VERSION = 1.0;
				PRODUCT_BUNDLE_IDENTIFIER = com.personal.KoreanTranslationCamera;
				PRODUCT_NAME = "$(TARGET_NAME)";
				SUPPORTED_PLATFORMS = iphoneos;
				SUPPORTS_MACCATALYST = NO;
				SWIFT_EMIT_LOC_STRINGS = YES;
				SWIFT_VERSION = 5.0;
				TARGETED_DEVICE_FAMILY = 1;
			};
			name = Debug;
		};
		FC000006000000000000001A /* Release */ = {
			isa = XCBuildConfiguration;
			buildSettings = {
				ASSETCATALOG_COMPILER_APPICON_NAME = AppIcon;
				ASSETCATALOG_COMPILER_GLOBAL_ACCENT_COLOR_NAME = AccentColor;
				CODE_SIGN_STYLE = Automatic;
				CURRENT_PROJECT_VERSION = 1;
				DEVELOPMENT_ASSET_PATHS = "";
				ENABLE_PREVIEWS = YES;
				GENERATE_INFOPLIST_FILE = NO;
				INFOPLIST_FILE = KoreanTranslationCamera/Info.plist;
				IPHONEOS_DEPLOYMENT_TARGET = 17.4;
				LD_RUNPATH_SEARCH_PATHS = (
					"$(inherited)",
					"@executable_path/Frameworks",
				);
				MARKETING_VERSION = 1.0;
				PRODUCT_BUNDLE_IDENTIFIER = com.personal.KoreanTranslationCamera;
				PRODUCT_NAME = "$(TARGET_NAME)";
				SUPPORTED_PLATFORMS = iphoneos;
				SUPPORTS_MACCATALYST = NO;
				SWIFT_EMIT_LOC_STRINGS = YES;
				SWIFT_VERSION = 5.0;
				TARGETED_DEVICE_FAMILY = 1;
			};
			name = Release;
		};
/* End XCBuildConfiguration section */

/* Begin XCConfigurationList section */
		FC000001000000000000001A /* Build configuration list for PBXProject "KoreanTranslationCamera" */ = {
			isa = XCConfigurationList;
			buildConfigurations = (
				FC000003000000000000001A /* Debug */,
				FC000004000000000000001A /* Release */,
			);
			defaultConfigurationIsVisible = 0;
			defaultConfigurationName = Release;
		};
		FC000002000000000000001A /* Build configuration list for PBXNativeTarget "KoreanTranslationCamera" */ = {
			isa = XCConfigurationList;
			buildConfigurations = (
				FC000005000000000000001A /* Debug */,
				FC000006000000000000001A /* Release */,
			);
			defaultConfigurationIsVisible = 0;
			defaultConfigurationName = Release;
		};
/* End XCConfigurationList section */

	};
	rootObject = FB000000000000000000002A /* Project object */;
}
